
Microsoft Visual Studio Solution File, Format Version 12.00
# Visual Studio Version 17
VisualStudioVersion = 17.7.34221.43
MinimumVisualStudioVersion = 10.0.40219.1
Project("{2150E333-8FDC-42A3-9474-1A3956D46DE8}") = "src", "src", "{43632E64-C9B8-4304-B46B-C2D334FF6E74}"
EndProject
Project("{2150E333-8FDC-42A3-9474-1A3956D46DE8}") = "Core", "Core", "{1444FBEE-F2C5-494F-AE37-D57C948FC31A}"
EndProject
Project("{2150E333-8FDC-42A3-9474-1A3956D46DE8}") = "Application", "Application", "{B5796679-E1A7-48CE-BCD3-C6ADE49F6A58}"
EndProject
Project("{2150E333-8FDC-42A3-9474-1A3956D46DE8}") = "Infrastructure", "Infrastructure", "{A04B16B0-E53F-4141-87FE-0F9C26AF86EB}"
EndProject
Project("{2150E333-8FDC-42A3-9474-1A3956D46DE8}") = "Presentation", "Presentation", "{F3BEB568-CAEA-48FE-818D-8057BF05FAE3}"
EndProject
Project("{FAE04EC0-301F-11D3-BF4B-00C04F79EFBC}") = "UI", "UI\UI.csproj", "{F19EFD43-2C14-4A00-94ED-69249EB4B100}"
EndProject
Project("{FAE04EC0-301F-11D3-BF4B-00C04F79EFBC}") = "Infrastructure", "Infrastructure\Infrastructure.csproj", "{7165B126-7DDF-4A5C-A5E2-A9E41ADB9B55}"
EndProject
Project("{FAE04EC0-301F-11D3-BF4B-00C04F79EFBC}") = "Core", "Core\Core.csproj", "{486970C6-E0DD-4A4C-8680-EC7EF7408431}"
EndProject
Project("{FAE04EC0-301F-11D3-BF4B-00C04F79EFBC}") = "Application", "Application\Application.csproj", "{466020C2-EA9D-4409-B95A-74060B34716D}"
EndProject
Project("{FAE04EC0-301F-11D3-BF4B-00C04F79EFBC}") = "API", "API\API.csproj", "{2003336D-DDEC-4A37-9D33-CC7C53473176}"
EndProject
Global
	GlobalSection(SolutionConfigurationPlatforms) = preSolution
		Debug|Any CPU = Debug|Any CPU
		Release|Any CPU = Release|Any CPU
	EndGlobalSection
	GlobalSection(ProjectConfigurationPlatforms) = postSolution
		{F19EFD43-2C14-4A00-94ED-69249EB4B100}.Debug|Any CPU.ActiveCfg = Debug|Any CPU
		{F19EFD43-2C14-4A00-94ED-69249EB4B100}.Debug|Any CPU.Build.0 = Debug|Any CPU
		{F19EFD43-2C14-4A00-94ED-69249EB4B100}.Release|Any CPU.ActiveCfg = Release|Any CPU
		{F19EFD43-2C14-4A00-94ED-69249EB4B100}.Release|Any CPU.Build.0 = Release|Any CPU
		{7165B126-7DDF-4A5C-A5E2-A9E41ADB9B55}.Debug|Any CPU.ActiveCfg = Debug|Any CPU
		{7165B126-7DDF-4A5C-A5E2-A9E41ADB9B55}.Debug|Any CPU.Build.0 = Debug|Any CPU
		{7165B126-7DDF-4A5C-A5E2-A9E41ADB9B55}.Release|Any CPU.ActiveCfg = Release|Any CPU
		{7165B126-7DDF-4A5C-A5E2-A9E41ADB9B55}.Release|Any CPU.Build.0 = Release|Any CPU
		{486970C6-E0DD-4A4C-8680-EC7EF7408431}.Debug|Any CPU.ActiveCfg = Debug|Any CPU
		{486970C6-E0DD-4A4C-8680-EC7EF7408431}.Debug|Any CPU.Build.0 = Debug|Any CPU
		{486970C6-E0DD-4A4C-8680-EC7EF7408431}.Release|Any CPU.ActiveCfg = Release|Any CPU
		{486970C6-E0DD-4A4C-8680-EC7EF7408431}.Release|Any CPU.Build.0 = Release|Any CPU
		{466020C2-EA9D-4409-B95A-74060B34716D}.Debug|Any CPU.ActiveCfg = Debug|Any CPU
		{466020C2-EA9D-4409-B95A-74060B34716D}.Debug|Any CPU.Build.0 = Debug|Any CPU
		{466020C2-EA9D-4409-B95A-74060B34716D}.Release|Any CPU.ActiveCfg = Release|Any CPU
		{466020C2-EA9D-4409-B95A-74060B34716D}.Release|Any CPU.Build.0 = Release|Any CPU
		{2003336D-DDEC-4A37-9D33-CC7C53473176}.Debug|Any CPU.ActiveCfg = Debug|Any CPU
		{2003336D-DDEC-4A37-9D33-CC7C53473176}.Debug|Any CPU.Build.0 = Debug|Any CPU
		{2003336D-DDEC-4A37-9D33-CC7C53473176}.Release|Any CPU.ActiveCfg = Release|Any CPU
		{2003336D-DDEC-4A37-9D33-CC7C53473176}.Release|Any CPU.Build.0 = Release|Any CPU
	EndGlobalSection
	GlobalSection(SolutionProperties) = preSolution
		HideSolutionNode = FALSE
	EndGlobalSection
	GlobalSection(NestedProjects) = preSolution
		{1444FBEE-F2C5-494F-AE37-D57C948FC31A} = {43632E64-C9B8-4304-B46B-C2D334FF6E74}
		{B5796679-E1A7-48CE-BCD3-C6ADE49F6A58} = {43632E64-C9B8-4304-B46B-C2D334FF6E74}
		{A04B16B0-E53F-4141-87FE-0F9C26AF86EB} = {43632E64-C9B8-4304-B46B-C2D334FF6E74}
		{F3BEB568-CAEA-48FE-818D-8057BF05FAE3} = {43632E64-C9B8-4304-B46B-C2D334FF6E74}
		{F19EFD43-2C14-4A00-94ED-69249EB4B100} = {F3BEB568-CAEA-48FE-818D-8057BF05FAE3}
		{7165B126-7DDF-4A5C-A5E2-A9E41ADB9B55} = {A04B16B0-E53F-4141-87FE-0F9C26AF86EB}
		{486970C6-E0DD-4A4C-8680-EC7EF7408431} = {1444FBEE-F2C5-494F-AE37-D57C948FC31A}
		{466020C2-EA9D-4409-B95A-74060B34716D} = {B5796679-E1A7-48CE-BCD3-C6ADE49F6A58}
		{2003336D-DDEC-4A37-9D33-CC7C53473176} = {F3BEB568-CAEA-48FE-818D-8057BF05FAE3}
	EndGlobalSection
	GlobalSection(ExtensibilityGlobals) = postSolution
		SolutionGuid = {F2FC60DC-86CD-4524-97B4-EC9E4092D79A}
	EndGlobalSection
EndGlobal
